// !$*UTF8*$!
{
	archiveVersion = 1;
	classes = {
	};
	objectVersion = 50;
	objects = {

/* Begin PBXBuildFile section */
		F782FACA25A81BF700125AEA /* Deck.swift in Sources */ = {isa = PBXBuildFile; fileRef = F7FA6FED25A6DA55009532C7 /* Deck.swift */; };
		F782FAD525A821AE00125AEA /* GameTest.swift in Sources */ = {isa = PBXBuildFile; fileRef = F782FAD425A821AE00125AEA /* GameTest.swift */; };
		F782FADE25A821B500125AEA /* Deck.swift in Sources */ = {isa = PBXBuildFile; fileRef = F7FA6FED25A6DA55009532C7 /* Deck.swift */; };
		F782FADF25A821B500125AEA /* Card.swift in Sources */ = {isa = PBXBuildFile; fileRef = F7FA6FF125A6DC16009532C7 /* Card.swift */; };
		F782FAE025A821B500125AEA /* Person.swift in Sources */ = {isa = PBXBuildFile; fileRef = F7FA6FF525A6DCCD009532C7 /* Person.swift */; };
		F782FAE125A821B500125AEA /* Player.swift in Sources */ = {isa = PBXBuildFile; fileRef = F7FA6FF925A6DD32009532C7 /* Player.swift */; };
		F782FAE225A821B500125AEA /* Dealer.swift in Sources */ = {isa = PBXBuildFile; fileRef = F7FA6FFD25A6DD50009532C7 /* Dealer.swift */; };
		F782FAE325A821B500125AEA /* PokerGame.swift in Sources */ = {isa = PBXBuildFile; fileRef = F7FA700125A6F1BE009532C7 /* PokerGame.swift */; };
		F7FA6F8125A55790009532C7 /* main.swift in Sources */ = {isa = PBXBuildFile; fileRef = F7FA6F8025A55790009532C7 /* main.swift */; };
		F7FA6FE025A6A3C7009532C7 /* DeckTest.swift in Sources */ = {isa = PBXBuildFile; fileRef = F7FA6FDF25A6A3C7009532C7 /* DeckTest.swift */; };
		F7FA6FEE25A6DA55009532C7 /* Deck.swift in Sources */ = {isa = PBXBuildFile; fileRef = F7FA6FED25A6DA55009532C7 /* Deck.swift */; };
		F7FA6FF225A6DC16009532C7 /* Card.swift in Sources */ = {isa = PBXBuildFile; fileRef = F7FA6FF125A6DC16009532C7 /* Card.swift */; };
		F7FA6FF625A6DCCD009532C7 /* Person.swift in Sources */ = {isa = PBXBuildFile; fileRef = F7FA6FF525A6DCCD009532C7 /* Person.swift */; };
		F7FA6FFA25A6DD32009532C7 /* Player.swift in Sources */ = {isa = PBXBuildFile; fileRef = F7FA6FF925A6DD32009532C7 /* Player.swift */; };
		F7FA6FFE25A6DD50009532C7 /* Dealer.swift in Sources */ = {isa = PBXBuildFile; fileRef = F7FA6FFD25A6DD50009532C7 /* Dealer.swift */; };
		F7FA700225A6F1BE009532C7 /* PokerGame.swift in Sources */ = {isa = PBXBuildFile; fileRef = F7FA700125A6F1BE009532C7 /* PokerGame.swift */; };
		F7FA701725A7F302009532C7 /* Deck.swift in Sources */ = {isa = PBXBuildFile; fileRef = F7FA6FED25A6DA55009532C7 /* Deck.swift */; };
		F7FA701A25A7F344009532C7 /* Card.swift in Sources */ = {isa = PBXBuildFile; fileRef = F7FA6FF125A6DC16009532C7 /* Card.swift */; };
		F7FA701D25A7F347009532C7 /* Person.swift in Sources */ = {isa = PBXBuildFile; fileRef = F7FA6FF525A6DCCD009532C7 /* Person.swift */; };
		F7FA702025A7F364009532C7 /* Player.swift in Sources */ = {isa = PBXBuildFile; fileRef = F7FA6FF925A6DD32009532C7 /* Player.swift */; };
		F7FA702325A7F367009532C7 /* Dealer.swift in Sources */ = {isa = PBXBuildFile; fileRef = F7FA6FFD25A6DD50009532C7 /* Dealer.swift */; };
		F7FA702E25A816D1009532C7 /* PersonTest.swift in Sources */ = {isa = PBXBuildFile; fileRef = F7FA702D25A816D1009532C7 /* PersonTest.swift */; };
		F7FA703625A816DD009532C7 /* Person.swift in Sources */ = {isa = PBXBuildFile; fileRef = F7FA6FF525A6DCCD009532C7 /* Person.swift */; };
		F7FA703725A816DD009532C7 /* Player.swift in Sources */ = {isa = PBXBuildFile; fileRef = F7FA6FF925A6DD32009532C7 /* Player.swift */; };
		F7FA703825A816DD009532C7 /* Dealer.swift in Sources */ = {isa = PBXBuildFile; fileRef = F7FA6FFD25A6DD50009532C7 /* Dealer.swift */; };
		F7FA703C25A8182E009532C7 /* Card.swift in Sources */ = {isa = PBXBuildFile; fileRef = F7FA6FF125A6DC16009532C7 /* Card.swift */; };
/* End PBXBuildFile section */

/* Begin PBXCopyFilesBuildPhase section */
		F7FA6F7B25A55790009532C7 /* CopyFiles */ = {
			isa = PBXCopyFilesBuildPhase;
			buildActionMask = 2147483647;
			dstPath = /usr/share/man/man1/;
			dstSubfolderSpec = 0;
			files = (
			);
			runOnlyForDeploymentPostprocessing = 1;
		};
/* End PBXCopyFilesBuildPhase section */

/* Begin PBXFileReference section */
		F782FAD225A821AE00125AEA /* GameTest.xctest */ = {isa = PBXFileReference; explicitFileType = wrapper.cfbundle; includeInIndex = 0; path = GameTest.xctest; sourceTree = BUILT_PRODUCTS_DIR; };
		F782FAD425A821AE00125AEA /* GameTest.swift */ = {isa = PBXFileReference; lastKnownFileType = sourcecode.swift; path = GameTest.swift; sourceTree = "<group>"; };
		F782FAD625A821AE00125AEA /* Info.plist */ = {isa = PBXFileReference; lastKnownFileType = text.plist.xml; path = Info.plist; sourceTree = "<group>"; };
		F7FA6F7D25A55790009532C7 /* PokerApp */ = {isa = PBXFileReference; explicitFileType = "compiled.mach-o.executable"; includeInIndex = 0; path = PokerApp; sourceTree = BUILT_PRODUCTS_DIR; };
		F7FA6F8025A55790009532C7 /* main.swift */ = {isa = PBXFileReference; lastKnownFileType = sourcecode.swift; path = main.swift; sourceTree = "<group>"; };
		F7FA6FDD25A6A3C7009532C7 /* DeckTest.xctest */ = {isa = PBXFileReference; explicitFileType = wrapper.cfbundle; includeInIndex = 0; path = DeckTest.xctest; sourceTree = BUILT_PRODUCTS_DIR; };
		F7FA6FDF25A6A3C7009532C7 /* DeckTest.swift */ = {isa = PBXFileReference; lastKnownFileType = sourcecode.swift; path = DeckTest.swift; sourceTree = "<group>"; };
		F7FA6FE125A6A3C7009532C7 /* Info.plist */ = {isa = PBXFileReference; lastKnownFileType = text.plist.xml; path = Info.plist; sourceTree = "<group>"; };
		F7FA6FED25A6DA55009532C7 /* Deck.swift */ = {isa = PBXFileReference; lastKnownFileType = sourcecode.swift; path = Deck.swift; sourceTree = "<group>"; };
		F7FA6FF125A6DC16009532C7 /* Card.swift */ = {isa = PBXFileReference; lastKnownFileType = sourcecode.swift; path = Card.swift; sourceTree = "<group>"; };
		F7FA6FF525A6DCCD009532C7 /* Person.swift */ = {isa = PBXFileReference; lastKnownFileType = sourcecode.swift; path = Person.swift; sourceTree = "<group>"; };
		F7FA6FF925A6DD32009532C7 /* Player.swift */ = {isa = PBXFileReference; lastKnownFileType = sourcecode.swift; path = Player.swift; sourceTree = "<group>"; };
		F7FA6FFD25A6DD50009532C7 /* Dealer.swift */ = {isa = PBXFileReference; lastKnownFileType = sourcecode.swift; path = Dealer.swift; sourceTree = "<group>"; };
		F7FA700125A6F1BE009532C7 /* PokerGame.swift */ = {isa = PBXFileReference; lastKnownFileType = sourcecode.swift; path = PokerGame.swift; sourceTree = "<group>"; };
		F7FA702B25A816D1009532C7 /* PersonTest.xctest */ = {isa = PBXFileReference; explicitFileType = wrapper.cfbundle; includeInIndex = 0; path = PersonTest.xctest; sourceTree = BUILT_PRODUCTS_DIR; };
		F7FA702D25A816D1009532C7 /* PersonTest.swift */ = {isa = PBXFileReference; lastKnownFileType = sourcecode.swift; path = PersonTest.swift; sourceTree = "<group>"; };
		F7FA702F25A816D1009532C7 /* Info.plist */ = {isa = PBXFileReference; lastKnownFileType = text.plist.xml; path = Info.plist; sourceTree = "<group>"; };
/* End PBXFileReference section */

/* Begin PBXFrameworksBuildPhase section */
		F782FACF25A821AE00125AEA /* Frameworks */ = {
			isa = PBXFrameworksBuildPhase;
			buildActionMask = 2147483647;
			files = (
			);
			runOnlyForDeploymentPostprocessing = 0;
		};
		F7FA6F7A25A55790009532C7 /* Frameworks */ = {
			isa = PBXFrameworksBuildPhase;
			buildActionMask = 2147483647;
			files = (
			);
			runOnlyForDeploymentPostprocessing = 0;
		};
		F7FA6FDA25A6A3C7009532C7 /* Frameworks */ = {
			isa = PBXFrameworksBuildPhase;
			buildActionMask = 2147483647;
			files = (
			);
			runOnlyForDeploymentPostprocessing = 0;
		};
		F7FA702825A816D1009532C7 /* Frameworks */ = {
			isa = PBXFrameworksBuildPhase;
			buildActionMask = 2147483647;
			files = (
			);
			runOnlyForDeploymentPostprocessing = 0;
		};
/* End PBXFrameworksBuildPhase section */

/* Begin PBXGroup section */
		F782FAD325A821AE00125AEA /* GameTest */ = {
			isa = PBXGroup;
			children = (
				F782FAD425A821AE00125AEA /* GameTest.swift */,
				F782FAD625A821AE00125AEA /* Info.plist */,
			);
			path = GameTest;
			sourceTree = "<group>";
		};
		F7FA6F7425A55790009532C7 = {
			isa = PBXGroup;
			children = (
				F7FA6F7F25A55790009532C7 /* PokerApp */,
				F7FA6FDE25A6A3C7009532C7 /* DeckTest */,
				F7FA702C25A816D1009532C7 /* PersonTest */,
				F782FAD325A821AE00125AEA /* GameTest */,
				F7FA6F7E25A55790009532C7 /* Products */,
			);
			sourceTree = "<group>";
		};
		F7FA6F7E25A55790009532C7 /* Products */ = {
			isa = PBXGroup;
			children = (
				F7FA6F7D25A55790009532C7 /* PokerApp */,
				F7FA6FDD25A6A3C7009532C7 /* DeckTest.xctest */,
				F7FA702B25A816D1009532C7 /* PersonTest.xctest */,
				F782FAD225A821AE00125AEA /* GameTest.xctest */,
			);
			name = Products;
			sourceTree = "<group>";
		};
		F7FA6F7F25A55790009532C7 /* PokerApp */ = {
			isa = PBXGroup;
			children = (
				F7FA6F8025A55790009532C7 /* main.swift */,
				F7FA6FED25A6DA55009532C7 /* Deck.swift */,
				F7FA6FF125A6DC16009532C7 /* Card.swift */,
				F7FA6FF525A6DCCD009532C7 /* Person.swift */,
				F7FA6FF925A6DD32009532C7 /* Player.swift */,
				F7FA6FFD25A6DD50009532C7 /* Dealer.swift */,
				F7FA700125A6F1BE009532C7 /* PokerGame.swift */,
			);
			path = PokerApp;
			sourceTree = "<group>";
		};
		F7FA6FDE25A6A3C7009532C7 /* DeckTest */ = {
			isa = PBXGroup;
			children = (
				F7FA6FDF25A6A3C7009532C7 /* DeckTest.swift */,
				F7FA6FE125A6A3C7009532C7 /* Info.plist */,
			);
			path = DeckTest;
			sourceTree = "<group>";
		};
		F7FA702C25A816D1009532C7 /* PersonTest */ = {
			isa = PBXGroup;
			children = (
				F7FA702D25A816D1009532C7 /* PersonTest.swift */,
				F7FA702F25A816D1009532C7 /* Info.plist */,
			);
			path = PersonTest;
			sourceTree = "<group>";
		};
/* End PBXGroup section */

/* Begin PBXNativeTarget section */
		F782FAD125A821AE00125AEA /* GameTest */ = {
			isa = PBXNativeTarget;
			buildConfigurationList = F782FAD725A821AE00125AEA /* Build configuration list for PBXNativeTarget "GameTest" */;
			buildPhases = (
				F782FACE25A821AE00125AEA /* Sources */,
				F782FACF25A821AE00125AEA /* Frameworks */,
				F782FAD025A821AE00125AEA /* Resources */,
			);
			buildRules = (
			);
			dependencies = (
			);
			name = GameTest;
			productName = GameTest;
			productReference = F782FAD225A821AE00125AEA /* GameTest.xctest */;
			productType = "com.apple.product-type.bundle.unit-test";
		};
		F7FA6F7C25A55790009532C7 /* PokerApp */ = {
			isa = PBXNativeTarget;
			buildConfigurationList = F7FA6F8425A55790009532C7 /* Build configuration list for PBXNativeTarget "PokerApp" */;
			buildPhases = (
				F7FA6F7925A55790009532C7 /* Sources */,
				F7FA6F7A25A55790009532C7 /* Frameworks */,
				F7FA6F7B25A55790009532C7 /* CopyFiles */,
			);
			buildRules = (
			);
			dependencies = (
			);
			name = PokerApp;
			productName = "week1-poker";
			productReference = F7FA6F7D25A55790009532C7 /* PokerApp */;
			productType = "com.apple.product-type.tool";
		};
		F7FA6FDC25A6A3C7009532C7 /* DeckTest */ = {
			isa = PBXNativeTarget;
			buildConfigurationList = F7FA6FE425A6A3DA009532C7 /* Build configuration list for PBXNativeTarget "DeckTest" */;
			buildPhases = (
				F7FA6FD925A6A3C7009532C7 /* Sources */,
				F7FA6FDA25A6A3C7009532C7 /* Frameworks */,
				F7FA6FDB25A6A3C7009532C7 /* Resources */,
			);
			buildRules = (
			);
			dependencies = (
			);
			name = DeckTest;
			productName = DeckTest;
			productReference = F7FA6FDD25A6A3C7009532C7 /* DeckTest.xctest */;
			productType = "com.apple.product-type.bundle.unit-test";
		};
		F7FA702A25A816D1009532C7 /* PersonTest */ = {
			isa = PBXNativeTarget;
			buildConfigurationList = F7FA703025A816D1009532C7 /* Build configuration list for PBXNativeTarget "PersonTest" */;
			buildPhases = (
				F7FA702725A816D1009532C7 /* Sources */,
				F7FA702825A816D1009532C7 /* Frameworks */,
				F7FA702925A816D1009532C7 /* Resources */,
			);
			buildRules = (
			);
			dependencies = (
			);
			name = PersonTest;
			productName = PersonTest;
			productReference = F7FA702B25A816D1009532C7 /* PersonTest.xctest */;
			productType = "com.apple.product-type.bundle.unit-test";
		};
/* End PBXNativeTarget section */

/* Begin PBXProject section */
		F7FA6F7525A55790009532C7 /* Project object */ = {
			isa = PBXProject;
			attributes = {
				LastSwiftUpdateCheck = 1230;
				LastUpgradeCheck = 1230;
				TargetAttributes = {
					F782FAD125A821AE00125AEA = {
						CreatedOnToolsVersion = 12.3;
					};
					F7FA6F7C25A55790009532C7 = {
						CreatedOnToolsVersion = 12.3;
					};
					F7FA6FDC25A6A3C7009532C7 = {
						CreatedOnToolsVersion = 12.3;
					};
					F7FA702A25A816D1009532C7 = {
						CreatedOnToolsVersion = 12.3;
					};
				};
			};
			buildConfigurationList = F7FA6F7825A55790009532C7 /* Build configuration list for PBXProject "PokerApp" */;
			compatibilityVersion = "Xcode 9.3";
			developmentRegion = en;
			hasScannedForEncodings = 0;
			knownRegions = (
				en,
				Base,
			);
			mainGroup = F7FA6F7425A55790009532C7;
			productRefGroup = F7FA6F7E25A55790009532C7 /* Products */;
			projectDirPath = "";
			projectRoot = "";
			targets = (
				F7FA6F7C25A55790009532C7 /* PokerApp */,
				F7FA6FDC25A6A3C7009532C7 /* DeckTest */,
				F7FA702A25A816D1009532C7 /* PersonTest */,
				F782FAD125A821AE00125AEA /* GameTest */,
			);
		};
/* End PBXProject section */

/* Begin PBXResourcesBuildPhase section */
		F782FAD025A821AE00125AEA /* Resources */ = {
			isa = PBXResourcesBuildPhase;
			buildActionMask = 2147483647;
			files = (
			);
			runOnlyForDeploymentPostprocessing = 0;
		};
		F7FA6FDB25A6A3C7009532C7 /* Resources */ = {
			isa = PBXResourcesBuildPhase;
			buildActionMask = 2147483647;
			files = (
			);
			runOnlyForDeploymentPostprocessing = 0;
		};
		F7FA702925A816D1009532C7 /* Resources */ = {
			isa = PBXResourcesBuildPhase;
			buildActionMask = 2147483647;
			files = (
			);
			runOnlyForDeploymentPostprocessing = 0;
		};
/* End PBXResourcesBuildPhase section */

/* Begin PBXSourcesBuildPhase section */
		F782FACE25A821AE00125AEA /* Sources */ = {
			isa = PBXSourcesBuildPhase;
			buildActionMask = 2147483647;
			files = (
				F782FADE25A821B500125AEA /* Deck.swift in Sources */,
				F782FADF25A821B500125AEA /* Card.swift in Sources */,
				F782FAE025A821B500125AEA /* Person.swift in Sources */,
				F782FAE125A821B500125AEA /* Player.swift in Sources */,
				F782FAE225A821B500125AEA /* Dealer.swift in Sources */,
				F782FAE325A821B500125AEA /* PokerGame.swift in Sources */,
				F782FAD525A821AE00125AEA /* GameTest.swift in Sources */,
			);
			runOnlyForDeploymentPostprocessing = 0;
		};
		F7FA6F7925A55790009532C7 /* Sources */ = {
			isa = PBXSourcesBuildPhase;
			buildActionMask = 2147483647;
			files = (
				F7FA700225A6F1BE009532C7 /* PokerGame.swift in Sources */,
				F7FA6FEE25A6DA55009532C7 /* Deck.swift in Sources */,
				F7FA6FF225A6DC16009532C7 /* Card.swift in Sources */,
				F7FA6FFE25A6DD50009532C7 /* Dealer.swift in Sources */,
				F7FA6FF625A6DCCD009532C7 /* Person.swift in Sources */,
				F7FA6FFA25A6DD32009532C7 /* Player.swift in Sources */,
				F7FA6F8125A55790009532C7 /* main.swift in Sources */,
			);
			runOnlyForDeploymentPostprocessing = 0;
		};
		F7FA6FD925A6A3C7009532C7 /* Sources */ = {
			isa = PBXSourcesBuildPhase;
			buildActionMask = 2147483647;
			files = (
				F7FA701D25A7F347009532C7 /* Person.swift in Sources */,
				F7FA701725A7F302009532C7 /* Deck.swift in Sources */,
				F7FA702325A7F367009532C7 /* Dealer.swift in Sources */,
				F7FA6FE025A6A3C7009532C7 /* DeckTest.swift in Sources */,
				F7FA702025A7F364009532C7 /* Player.swift in Sources */,
				F7FA701A25A7F344009532C7 /* Card.swift in Sources */,
			);
			runOnlyForDeploymentPostprocessing = 0;
		};
		F7FA702725A816D1009532C7 /* Sources */ = {
			isa = PBXSourcesBuildPhase;
			buildActionMask = 2147483647;
			files = (
				F782FACA25A81BF700125AEA /* Deck.swift in Sources */,
				F7FA703625A816DD009532C7 /* Person.swift in Sources */,
				F7FA703725A816DD009532C7 /* Player.swift in Sources */,
				F7FA703C25A8182E009532C7 /* Card.swift in Sources */,
				F7FA703825A816DD009532C7 /* Dealer.swift in Sources */,
				F7FA702E25A816D1009532C7 /* PersonTest.swift in Sources */,
			);
			runOnlyForDeploymentPostprocessing = 0;
		};
/* End PBXSourcesBuildPhase section */

/* Begin XCBuildConfiguration section */
		F782FAD825A821AE00125AEA /* Debug */ = {
			isa = XCBuildConfiguration;
			buildSettings = {
				CODE_SIGN_STYLE = Automatic;
				COMBINE_HIDPI_IMAGES = YES;
				INFOPLIST_FILE = GameTest/Info.plist;
				LD_RUNPATH_SEARCH_PATHS = (
					"$(inherited)",
					"@executable_path/../Frameworks",
					"@loader_path/../Frameworks",
				);
				PRODUCT_BUNDLE_IDENTIFIER = com.kakaocorp.GameTest;
				PRODUCT_NAME = "$(TARGET_NAME)";
				SWIFT_VERSION = 5.0;
			};
			name = Debug;
		};
		F782FAD925A821AE00125AEA /* Release */ = {
			isa = XCBuildConfiguration;
			buildSettings = {
				CODE_SIGN_STYLE = Automatic;
				COMBINE_HIDPI_IMAGES = YES;
				INFOPLIST_FILE = GameTest/Info.plist;
				LD_RUNPATH_SEARCH_PATHS = (
					"$(inherited)",
					"@executable_path/../Frameworks",
					"@loader_path/../Frameworks",
				);
				PRODUCT_BUNDLE_IDENTIFIER = com.kakaocorp.GameTest;
				PRODUCT_NAME = "$(TARGET_NAME)";
				SWIFT_VERSION = 5.0;
			};
			name = Release;
		};
		F7FA6F8225A55790009532C7 /* Debug */ = {
			isa = XCBuildConfiguration;
			buildSettings = {
				ALWAYS_SEARCH_USER_PATHS = NO;
				CLANG_ANALYZER_NONNULL = YES;
				CLANG_ANALYZER_NUMBER_OBJECT_CONVERSION = YES_AGGRESSIVE;
				CLANG_CXX_LANGUAGE_STANDARD = "gnu++14";
				CLANG_CXX_LIBRARY = "libc++";
				CLANG_ENABLE_MODULES = YES;
				CLANG_ENABLE_OBJC_ARC = YES;
				CLANG_ENABLE_OBJC_WEAK = YES;
				CLANG_WARN_BLOCK_CAPTURE_AUTORELEASING = YES;
				CLANG_WARN_BOOL_CONVERSION = YES;
				CLANG_WARN_COMMA = YES;
				CLANG_WARN_CONSTANT_CONVERSION = YES;
				CLANG_WARN_DEPRECATED_OBJC_IMPLEMENTATIONS = YES;
				CLANG_WARN_DIRECT_OBJC_ISA_USAGE = YES_ERROR;
				CLANG_WARN_DOCUMENTATION_COMMENTS = YES;
				CLANG_WARN_EMPTY_BODY = YES;
				CLANG_WARN_ENUM_CONVERSION = YES;
				CLANG_WARN_INFINITE_RECURSION = YES;
				CLANG_WARN_INT_CONVERSION = YES;
				CLANG_WARN_NON_LITERAL_NULL_CONVERSION = YES;
				CLANG_WARN_OBJC_IMPLICIT_RETAIN_SELF = YES;
				CLANG_WARN_OBJC_LITERAL_CONVERSION = YES;
				CLANG_WARN_OBJC_ROOT_CLASS = YES_ERROR;
				CLANG_WARN_QUOTED_INCLUDE_IN_FRAMEWORK_HEADER = YES;
				CLANG_WARN_RANGE_LOOP_ANALYSIS = YES;
				CLANG_WARN_STRICT_PROTOTYPES = YES;
				CLANG_WARN_SUSPICIOUS_MOVE = YES;
				CLANG_WARN_UNGUARDED_AVAILABILITY = YES_AGGRESSIVE;
				CLANG_WARN_UNREACHABLE_CODE = YES;
				CLANG_WARN__DUPLICATE_METHOD_MATCH = YES;
				COPY_PHASE_STRIP = NO;
				DEBUG_INFORMATION_FORMAT = dwarf;
				ENABLE_STRICT_OBJC_MSGSEND = YES;
				ENABLE_TESTABILITY = YES;
				GCC_C_LANGUAGE_STANDARD = gnu11;
				GCC_DYNAMIC_NO_PIC = NO;
				GCC_NO_COMMON_BLOCKS = YES;
				GCC_OPTIMIZATION_LEVEL = 0;
				GCC_PREPROCESSOR_DEFINITIONS = (
					"DEBUG=1",
					"$(inherited)",
				);
				GCC_WARN_64_TO_32_BIT_CONVERSION = YES;
				GCC_WARN_ABOUT_RETURN_TYPE = YES_ERROR;
				GCC_WARN_UNDECLARED_SELECTOR = YES;
				GCC_WARN_UNINITIALIZED_AUTOS = YES_AGGRESSIVE;
				GCC_WARN_UNUSED_FUNCTION = YES;
				GCC_WARN_UNUSED_VARIABLE = YES;
				MACOSX_DEPLOYMENT_TARGET = 10.15;
				MTL_ENABLE_DEBUG_INFO = INCLUDE_SOURCE;
				MTL_FAST_MATH = YES;
				ONLY_ACTIVE_ARCH = YES;
				SDKROOT = macosx;
				SWIFT_ACTIVE_COMPILATION_CONDITIONS = DEBUG;
				SWIFT_OPTIMIZATION_LEVEL = "-Onone";
			};
			name = Debug;
		};
		F7FA6F8325A55790009532C7 /* Release */ = {
			isa = XCBuildConfiguration;
			buildSettings = {
				ALWAYS_SEARCH_USER_PATHS = NO;
				CLANG_ANALYZER_NONNULL = YES;
				CLANG_ANALYZER_NUMBER_OBJECT_CONVERSION = YES_AGGRESSIVE;
				CLANG_CXX_LANGUAGE_STANDARD = "gnu++14";
				CLANG_CXX_LIBRARY = "libc++";
				CLANG_ENABLE_MODULES = YES;
				CLANG_ENABLE_OBJC_ARC = YES;
				CLANG_ENABLE_OBJC_WEAK = YES;
				CLANG_WARN_BLOCK_CAPTURE_AUTORELEASING = YES;
				CLANG_WARN_BOOL_CONVERSION = YES;
				CLANG_WARN_COMMA = YES;
				CLANG_WARN_CONSTANT_CONVERSION = YES;
				CLANG_WARN_DEPRECATED_OBJC_IMPLEMENTATIONS = YES;
				CLANG_WARN_DIRECT_OBJC_ISA_USAGE = YES_ERROR;
				CLANG_WARN_DOCUMENTATION_COMMENTS = YES;
				CLANG_WARN_EMPTY_BODY = YES;
				CLANG_WARN_ENUM_CONVERSION = YES;
				CLANG_WARN_INFINITE_RECURSION = YES;
				CLANG_WARN_INT_CONVERSION = YES;
				CLANG_WARN_NON_LITERAL_NULL_CONVERSION = YES;
				CLANG_WARN_OBJC_IMPLICIT_RETAIN_SELF = YES;
				CLANG_WARN_OBJC_LITERAL_CONVERSION = YES;
				CLANG_WARN_OBJC_ROOT_CLASS = YES_ERROR;
				CLANG_WARN_QUOTED_INCLUDE_IN_FRAMEWORK_HEADER = YES;
				CLANG_WARN_RANGE_LOOP_ANALYSIS = YES;
				CLANG_WARN_STRICT_PROTOTYPES = YES;
				CLANG_WARN_SUSPICIOUS_MOVE = YES;
				CLANG_WARN_UNGUARDED_AVAILABILITY = YES_AGGRESSIVE;
				CLANG_WARN_UNREACHABLE_CODE = YES;
				CLANG_WARN__DUPLICATE_METHOD_MATCH = YES;
				COPY_PHASE_STRIP = NO;
				DEBUG_INFORMATION_FORMAT = "dwarf-with-dsym";
				ENABLE_NS_ASSERTIONS = NO;
				ENABLE_STRICT_OBJC_MSGSEND = YES;
				GCC_C_LANGUAGE_STANDARD = gnu11;
				GCC_NO_COMMON_BLOCKS = YES;
				GCC_WARN_64_TO_32_BIT_CONVERSION = YES;
				GCC_WARN_ABOUT_RETURN_TYPE = YES_ERROR;
				GCC_WARN_UNDECLARED_SELECTOR = YES;
				GCC_WARN_UNINITIALIZED_AUTOS = YES_AGGRESSIVE;
				GCC_WARN_UNUSED_FUNCTION = YES;
				GCC_WARN_UNUSED_VARIABLE = YES;
				MACOSX_DEPLOYMENT_TARGET = 10.15;
				MTL_ENABLE_DEBUG_INFO = NO;
				MTL_FAST_MATH = YES;
				SDKROOT = macosx;
				SWIFT_COMPILATION_MODE = wholemodule;
				SWIFT_OPTIMIZATION_LEVEL = "-O";
			};
			name = Release;
		};
		F7FA6F8525A55790009532C7 /* Debug */ = {
			isa = XCBuildConfiguration;
			buildSettings = {
				CODE_SIGN_STYLE = Automatic;
				PRODUCT_NAME = "$(TARGET_NAME)";
				SWIFT_VERSION = 5.0;
			};
			name = Debug;
		};
		F7FA6F8625A55790009532C7 /* Release */ = {
			isa = XCBuildConfiguration;
			buildSettings = {
				CODE_SIGN_STYLE = Automatic;
				PRODUCT_NAME = "$(TARGET_NAME)";
				SWIFT_VERSION = 5.0;
			};
			name = Release;
		};
		F7FA6FE225A6A3C7009532C7 /* Debug */ = {
			isa = XCBuildConfiguration;
			buildSettings = {
				CODE_SIGN_STYLE = Automatic;
				COMBINE_HIDPI_IMAGES = YES;
				INFOPLIST_FILE = DeckTest/Info.plist;
				LD_RUNPATH_SEARCH_PATHS = (
					"$(inherited)",
					"@executable_path/../Frameworks",
					"@loader_path/../Frameworks",
				);
				PRODUCT_BUNDLE_IDENTIFIER = com.kakaocorp.DeckTest;
				PRODUCT_NAME = "$(TARGET_NAME)";
				SWIFT_VERSION = 5.0;
			};
			name = Debug;
		};
		F7FA6FE325A6A3C7009532C7 /* Release */ = {
			isa = XCBuildConfiguration;
			buildSettings = {
				CODE_SIGN_STYLE = Automatic;
				COMBINE_HIDPI_IMAGES = YES;
				INFOPLIST_FILE = DeckTest/Info.plist;
				LD_RUNPATH_SEARCH_PATHS = (
					"$(inherited)",
					"@executable_path/../Frameworks",
					"@loader_path/../Frameworks",
				);
				PRODUCT_BUNDLE_IDENTIFIER = com.kakaocorp.DeckTest;
				PRODUCT_NAME = "$(TARGET_NAME)";
				SWIFT_VERSION = 5.0;
			};
			name = Release;
		};
		F7FA703125A816D1009532C7 /* Debug */ = {
			isa = XCBuildConfiguration;
			buildSettings = {
				CODE_SIGN_STYLE = Automatic;
				COMBINE_HIDPI_IMAGES = YES;
				INFOPLIST_FILE = PersonTest/Info.plist;
				LD_RUNPATH_SEARCH_PATHS = (
					"$(inherited)",
					"@executable_path/../Frameworks",
					"@loader_path/../Frameworks",
				);
				PRODUCT_BUNDLE_IDENTIFIER = com.kakaocorp.PersonTest;
				PRODUCT_NAME = "$(TARGET_NAME)";
				SWIFT_VERSION = 5.0;
			};
			name = Debug;
		};
		F7FA703225A816D1009532C7 /* Release */ = {
			isa = XCBuildConfiguration;
			buildSettings = {
				CODE_SIGN_STYLE = Automatic;
				COMBINE_HIDPI_IMAGES = YES;
				INFOPLIST_FILE = PersonTest/Info.plist;
				LD_RUNPATH_SEARCH_PATHS = (
					"$(inherited)",
					"@executable_path/../Frameworks",
					"@loader_path/../Frameworks",
				);
				PRODUCT_BUNDLE_IDENTIFIER = com.kakaocorp.PersonTest;
				PRODUCT_NAME = "$(TARGET_NAME)";
				SWIFT_VERSION = 5.0;
			};
			name = Release;
		};
/* End XCBuildConfiguration section */

/* Begin XCConfigurationList section */
		F782FAD725A821AE00125AEA /* Build configuration list for PBXNativeTarget "GameTest" */ = {
			isa = XCConfigurationList;
			buildConfigurations = (
				F782FAD825A821AE00125AEA /* Debug */,
				F782FAD925A821AE00125AEA /* Release */,
			);
			defaultConfigurationIsVisible = 0;
			defaultConfigurationName = Release;
		};
		F7FA6F7825A55790009532C7 /* Build configuration list for PBXProject "PokerApp" */ = {
			isa = XCConfigurationList;
			buildConfigurations = (
				F7FA6F8225A55790009532C7 /* Debug */,
				F7FA6F8325A55790009532C7 /* Release */,
			);
			defaultConfigurationIsVisible = 0;
			defaultConfigurationName = Release;
		};
		F7FA6F8425A55790009532C7 /* Build configuration list for PBXNativeTarget "PokerApp" */ = {
			isa = XCConfigurationList;
			buildConfigurations = (
				F7FA6F8525A55790009532C7 /* Debug */,
				F7FA6F8625A55790009532C7 /* Release */,
			);
			defaultConfigurationIsVisible = 0;
			defaultConfigurationName = Release;
		};
		F7FA6FE425A6A3DA009532C7 /* Build configuration list for PBXNativeTarget "DeckTest" */ = {
			isa = XCConfigurationList;
			buildConfigurations = (
				F7FA6FE225A6A3C7009532C7 /* Debug */,
				F7FA6FE325A6A3C7009532C7 /* Release */,
			);
			defaultConfigurationIsVisible = 0;
			defaultConfigurationName = Release;
		};
		F7FA703025A816D1009532C7 /* Build configuration list for PBXNativeTarget "PersonTest" */ = {
			isa = XCConfigurationList;
			buildConfigurations = (
				F7FA703125A816D1009532C7 /* Debug */,
				F7FA703225A816D1009532C7 /* Release */,
			);
			defaultConfigurationIsVisible = 0;
			defaultConfigurationName = Release;
		};
/* End XCConfigurationList section */
	};
	rootObject = F7FA6F7525A55790009532C7 /* Project object */;
}
